Microsoft Visual Studio Solution File, Format Version 12.00
# Visual Studio Version 17
VisualStudioVersion = 17.5.2.0
MinimumVisualStudioVersion = 10.0.40219.1
Project("{2150E333-8FDC-42A3-9474-1A3956D46DE8}") = "src", "src", "{827E0CD3-B72D-47B6-A68D-7590B98EB39B}"
EndProject
Project("{FAE04EC0-301F-11D3-BF4B-00C04F79EFBC}") = "fase-02-procedural", "src\fase-02-procedural\fase-02-procedural.csproj", "{F841FDEF-A950-500F-7EE1-6297F2DE2E99}"
EndProject
Project("{FAE04EC0-301F-11D3-BF4B-00C04F79EFBC}") = "fase-03-OO", "src\fase-03-OO\fase-03-OO.csproj", "{61ED5B95-607A-96D0-9B6B-F83EFBB3CD1D}"
EndProject
Project("{2150E333-8FDC-42A3-9474-1A3956D46DE8}") = "fase-04-OOComInterface", "fase-04-OOComInterface", "{E35329E5-EAF9-83FB-C4D7-CE70FB57B568}"
EndProject
Project("{FAE04EC0-301F-11D3-BF4B-00C04F79EFBC}") = "Domain.Entities", "src\fase-04-OOComInterface\Domain.Entities\Domain.Entities.csproj", "{B03F2B2B-148C-F777-B6CA-4DDC030DC408}"
EndProject
Project("{FAE04EC0-301F-11D3-BF4B-00C04F79EFBC}") = "Domain.Tests", "src\fase-04-OOComInterface\Domain.Tests\Domain.Tests.csproj", "{CE71F328-4D3E-CCB2-4BD0-F7DC3C80A5CE}"
EndProject
Project("{2150E333-8FDC-42A3-9474-1A3956D46DE8}") = "fase-05-Repository-In-Memory", "fase-05-Repository-In-Memory", "{EC7C30ED-827E-B41B-FBCC-640E5E65D9AB}"
EndProject
Project("{FAE04EC0-301F-11D3-BF4B-00C04F79EFBC}") = "Domain.App", "src\fase-05-Repository-In-Memory\Domain.App\Domain.App.csproj", "{B5EBDBEF-11AC-3BF6-B54E-4FE23897D535}"
EndProject
Project("{FAE04EC0-301F-11D3-BF4B-00C04F79EFBC}") = "Domain.Entities", "src\fase-05-Repository-In-Memory\Domain.Entities\Domain.Entities.csproj", "{90015747-AD48-98D9-E67D-4B2FCEDD4552}"
EndProject
Project("{FAE04EC0-301F-11D3-BF4B-00C04F79EFBC}") = "Domain.Tests", "src\fase-05-Repository-In-Memory\Domain.Tests\Domain.Tests.csproj", "{C6594676-1D79-5EBF-CED2-3E477C052BC4}"
EndProject
Project("{2150E333-8FDC-42A3-9474-1A3956D46DE8}") = "fase-06-Repository-CSV", "fase-06-Repository-CSV", "{AD0FF9A0-E07C-226C-ECB1-90CB3E0A4F56}"
EndProject
Project("{2150E333-8FDC-42A3-9474-1A3956D46DE8}") = "src", "src", "{18B14D1E-E6A6-5E44-80A2-7C5EDDBBF4FE}"
EndProject
Project("{FAE04EC0-301F-11D3-BF4B-00C04F79EFBC}") = "Domain.App", "src\fase-06-Repository-CSV\src\Domain.App\Domain.App.csproj", "{ECE85665-349F-F982-EF7B-A5918D3B393F}"
EndProject
Project("{FAE04EC0-301F-11D3-BF4B-00C04F79EFBC}") = "Domain.Entities", "src\fase-06-Repository-CSV\src\Domain.Entities\Domain.Entities.csproj", "{A8A1D8FF-AF85-AC16-93F5-92382737FB02}"
EndProject
Project("{FAE04EC0-301F-11D3-BF4B-00C04F79EFBC}") = "Domain.Tests", "src\fase-06-Repository-CSV\src\Domain.Tests\Domain.Tests.csproj", "{E6CFF5A6-D170-3C6C-CA4A-EE21A0DD993A}"
EndProject
Project("{2150E333-8FDC-42A3-9474-1A3956D46DE8}") = "fase-07-repository-json", "fase-07-repository-json", "{3FAAA680-B4AB-0994-3BBF-9396D166D497}"
EndProject
Project("{2150E333-8FDC-42A3-9474-1A3956D46DE8}") = "src", "src", "{44206E31-1E33-27F7-6985-B54889181C29}"
EndProject
Project("{FAE04EC0-301F-11D3-BF4B-00C04F79EFBC}") = "Domain.App", "src\fase-07-repository-json\src\Domain.App\Domain.App.csproj", "{74351DFF-52B5-7B5C-04EE-08996F65B9A4}"
EndProject
Project("{FAE04EC0-301F-11D3-BF4B-00C04F79EFBC}") = "Domain.Entities", "src\fase-07-repository-json\src\Domain.Entities\Domain.Entities.csproj", "{DA82C10D-E8B6-C488-A07A-6B13C8CBC58A}"
EndProject
Project("{FAE04EC0-301F-11D3-BF4B-00C04F79EFBC}") = "Domain.Tests", "src\fase-07-repository-json\src\Domain.Tests\Domain.Tests.csproj", "{9ACCE306-B880-15DF-0171-D7D88537E060}"
EndProject
Project("{2150E333-8FDC-42A3-9474-1A3956D46DE8}") = "fase-08-ISP", "fase-08-ISP", "{CF236ACE-FA7E-3F15-1E29-D3E89C553E6A}"
EndProject
Project("{2150E333-8FDC-42A3-9474-1A3956D46DE8}") = "src", "src", "{1995A086-D2C2-E966-7147-7DEA60436BA6}"
EndProject
Project("{FAE04EC0-301F-11D3-BF4B-00C04F79EFBC}") = "Domain.App", "src\fase-08-ISP\src\Domain.App\Domain.App.csproj", "{0C1022D3-DB65-BD19-BA3F-E22BBEDA4FBB}"
EndProject
Project("{FAE04EC0-301F-11D3-BF4B-00C04F79EFBC}") = "Domain.Entities", "src\fase-08-ISP\src\Domain.Entities\Domain.Entities.csproj", "{5D13EDEC-03AF-6247-EB1A-D3FA557D4A68}"
EndProject
Project("{FAE04EC0-301F-11D3-BF4B-00C04F79EFBC}") = "Domain.Tests", "src\fase-08-ISP\src\Domain.Tests\Domain.Tests.csproj", "{B1B6D4E4-8585-5949-5F7A-B8C859515D53}"
EndProject
Project("{2150E333-8FDC-42A3-9474-1A3956D46DE8}") = "fase-09-Dubles-E-TestesAsincronos", "fase-09-Dubles-E-TestesAsincronos", "{819771E1-879C-CA2B-ACC7-24556A0A8213}"
EndProject
Project("{2150E333-8FDC-42A3-9474-1A3956D46DE8}") = "src", "src", "{22AA2A46-13C4-B4A4-102D-5B0E3A5681AF}"
EndProject
Project("{FAE04EC0-301F-11D3-BF4B-00C04F79EFBC}") = "Domain.App", "src\fase-09-Dubles-E-TestesAsincronos\src\Domain.App\Domain.App.csproj", "{39477918-E0F8-147B-7464-26DD889A8E3B}"
EndProject
Project("{FAE04EC0-301F-11D3-BF4B-00C04F79EFBC}") = "Domain.Entities", "src\fase-09-Dubles-E-TestesAsincronos\src\Domain.Entities\Domain.Entities.csproj", "{D8D8BDF5-4583-22DB-7DA2-B33683B1D02B}"
EndProject
Project("{FAE04EC0-301F-11D3-BF4B-00C04F79EFBC}") = "Domain.Tests", "src\fase-09-Dubles-E-TestesAsincronos\src\Domain.Tests\Domain.Tests.csproj", "{179BD8BA-76CF-782A-854C-8C6FBEB54ADC}"
EndProject
Project("{2150E333-8FDC-42A3-9474-1A3956D46DE8}") = "fase-10-Cheiros-E-Antidotos", "fase-10-Cheiros-E-Antidotos", "{4EABF4EA-98FC-B11C-4621-116B9D0A84F6}"
EndProject
Project("{2150E333-8FDC-42A3-9474-1A3956D46DE8}") = "src", "src", "{7F2DEED5-6AEC-0D95-13C3-DEEBDAA46CF9}"
EndProject
Project("{FAE04EC0-301F-11D3-BF4B-00C04F79EFBC}") = "Domain.App", "src\fase-10-Cheiros-E-Antidotos\src\Domain.App\Domain.App.csproj", "{8CC32FFB-3652-18AE-6E3A-61B942AC96F2}"
EndProject
Project("{FAE04EC0-301F-11D3-BF4B-00C04F79EFBC}") = "Domain.Entities", "src\fase-10-Cheiros-E-Antidotos\src\Domain.Entities\Domain.Entities.csproj", "{D21A32CE-D0DF-BB37-C87E-C41F1A3755BD}"
EndProject
Project("{FAE04EC0-301F-11D3-BF4B-00C04F79EFBC}") = "Domain.Tests", "src\fase-10-Cheiros-E-Antidotos\src\Domain.Tests\Domain.Tests.csproj", "{23F942D9-E80E-F939-8CB0-F490349BD1D9}"
EndProject
Project("{2150E333-8FDC-42A3-9474-1A3956D46DE8}") = "fase-11-Mini-Projeto", "fase-11-Mini-Projeto", "{86ADDDE8-0C7F-AD77-DA03-D6A950867A21}"
EndProject
Project("{2150E333-8FDC-42A3-9474-1A3956D46DE8}") = "src", "src", "{D69B468F-4DB2-C33F-3556-0DC9295951E2}"
EndProject
Project("{FAE04EC0-301F-11D3-BF4B-00C04F79EFBC}") = "Domain.App", "src\fase-11-Mini-Projeto\src\Domain.App\Domain.App.csproj", "{C85926A3-E231-47B6-5486-41E397437DE8}"
EndProject
Project("{FAE04EC0-301F-11D3-BF4B-00C04F79EFBC}") = "Domain.Entities", "src\fase-11-Mini-Projeto\src\Domain.Entities\Domain.Entities.csproj", "{D109C898-0C13-874B-10AF-2D6166B74800}"
EndProject
Project("{FAE04EC0-301F-11D3-BF4B-00C04F79EFBC}") = "Domain.Tests", "src\fase-11-Mini-Projeto\src\Domain.Tests\Domain.Tests.csproj", "{82075122-EE84-8E76-2CCA-082FC13B6BB5}"
EndProject
Project("{2150E333-8FDC-42A3-9474-1A3956D46DE8}") = "fase-12-Projeto-Com-BD", "fase-12-Projeto-Com-BD", "{E61333BF-C8A1-955A-2702-9EB29760DA37}"
EndProject
Project("{2150E333-8FDC-42A3-9474-1A3956D46DE8}") = "src", "src", "{9050889A-C308-FE9E-52EB-617CFD63E6CB}"
EndProject
Project("{FAE04EC0-301F-11D3-BF4B-00C04F79EFBC}") = "Domain.App", "src\fase-12-Projeto-Com-BD\src\Domain.App\Domain.App.csproj", "{D5082B57-1D1C-6A29-94A6-F4A317B1C78F}"
EndProject
Project("{FAE04EC0-301F-11D3-BF4B-00C04F79EFBC}") = "Domain.Data", "src\fase-12-Projeto-Com-BD\src\Domain.Data\Domain.Data.csproj", "{E102700D-398F-166F-9BA6-B94D96B8C870}"
EndProject
Project("{FAE04EC0-301F-11D3-BF4B-00C04F79EFBC}") = "Domain.Entities", "src\fase-12-Projeto-Com-BD\src\Domain.Entities\Domain.Entities.csproj", "{F07B3761-87FD-4812-1085-C662C6580C88}"
EndProject
Project("{FAE04EC0-301F-11D3-BF4B-00C04F79EFBC}") = "Domain.Tests", "src\fase-12-Projeto-Com-BD\src\Domain.Tests\Domain.Tests.csproj", "{5B725027-11F7-C9B4-F906-06EEB07F5535}"
EndProject
Global
	GlobalSection(SolutionConfigurationPlatforms) = preSolution
		Debug|Any CPU = Debug|Any CPU
		Release|Any CPU = Release|Any CPU
	EndGlobalSection
	GlobalSection(ProjectConfigurationPlatforms) = postSolution
		{F841FDEF-A950-500F-7EE1-6297F2DE2E99}.Debug|Any CPU.ActiveCfg = Debug|Any CPU
		{F841FDEF-A950-500F-7EE1-6297F2DE2E99}.Debug|Any CPU.Build.0 = Debug|Any CPU
		{F841FDEF-A950-500F-7EE1-6297F2DE2E99}.Release|Any CPU.ActiveCfg = Release|Any CPU
		{F841FDEF-A950-500F-7EE1-6297F2DE2E99}.Release|Any CPU.Build.0 = Release|Any CPU
		{61ED5B95-607A-96D0-9B6B-F83EFBB3CD1D}.Debug|Any CPU.ActiveCfg = Debug|Any CPU
		{61ED5B95-607A-96D0-9B6B-F83EFBB3CD1D}.Debug|Any CPU.Build.0 = Debug|Any CPU
		{61ED5B95-607A-96D0-9B6B-F83EFBB3CD1D}.Release|Any CPU.ActiveCfg = Release|Any CPU
		{61ED5B95-607A-96D0-9B6B-F83EFBB3CD1D}.Release|Any CPU.Build.0 = Release|Any CPU
		{B03F2B2B-148C-F777-B6CA-4DDC030DC408}.Debug|Any CPU.ActiveCfg = Debug|Any CPU
		{B03F2B2B-148C-F777-B6CA-4DDC030DC408}.Debug|Any CPU.Build.0 = Debug|Any CPU
		{B03F2B2B-148C-F777-B6CA-4DDC030DC408}.Release|Any CPU.ActiveCfg = Release|Any CPU
		{B03F2B2B-148C-F777-B6CA-4DDC030DC408}.Release|Any CPU.Build.0 = Release|Any CPU
		{CE71F328-4D3E-CCB2-4BD0-F7DC3C80A5CE}.Debug|Any CPU.ActiveCfg = Debug|Any CPU
		{CE71F328-4D3E-CCB2-4BD0-F7DC3C80A5CE}.Debug|Any CPU.Build.0 = Debug|Any CPU
		{CE71F328-4D3E-CCB2-4BD0-F7DC3C80A5CE}.Release|Any CPU.ActiveCfg = Release|Any CPU
		{CE71F328-4D3E-CCB2-4BD0-F7DC3C80A5CE}.Release|Any CPU.Build.0 = Release|Any CPU
		{B5EBDBEF-11AC-3BF6-B54E-4FE23897D535}.Debug|Any CPU.ActiveCfg = Debug|Any CPU
		{B5EBDBEF-11AC-3BF6-B54E-4FE23897D535}.Debug|Any CPU.Build.0 = Debug|Any CPU
		{B5EBDBEF-11AC-3BF6-B54E-4FE23897D535}.Release|Any CPU.ActiveCfg = Release|Any CPU
		{B5EBDBEF-11AC-3BF6-B54E-4FE23897D535}.Release|Any CPU.Build.0 = Release|Any CPU
		{90015747-AD48-98D9-E67D-4B2FCEDD4552}.Debug|Any CPU.ActiveCfg = Debug|Any CPU
		{90015747-AD48-98D9-E67D-4B2FCEDD4552}.Debug|Any CPU.Build.0 = Debug|Any CPU
		{90015747-AD48-98D9-E67D-4B2FCEDD4552}.Release|Any CPU.ActiveCfg = Release|Any CPU
		{90015747-AD48-98D9-E67D-4B2FCEDD4552}.Release|Any CPU.Build.0 = Release|Any CPU
		{C6594676-1D79-5EBF-CED2-3E477C052BC4}.Debug|Any CPU.ActiveCfg = Debug|Any CPU
		{C6594676-1D79-5EBF-CED2-3E477C052BC4}.Debug|Any CPU.Build.0 = Debug|Any CPU
		{C6594676-1D79-5EBF-CED2-3E477C052BC4}.Release|Any CPU.ActiveCfg = Release|Any CPU
		{C6594676-1D79-5EBF-CED2-3E477C052BC4}.Release|Any CPU.Build.0 = Release|Any CPU
		{ECE85665-349F-F982-EF7B-A5918D3B393F}.Debug|Any CPU.ActiveCfg = Debug|Any CPU
		{ECE85665-349F-F982-EF7B-A5918D3B393F}.Debug|Any CPU.Build.0 = Debug|Any CPU
		{ECE85665-349F-F982-EF7B-A5918D3B393F}.Release|Any CPU.ActiveCfg = Release|Any CPU
		{ECE85665-349F-F982-EF7B-A5918D3B393F}.Release|Any CPU.Build.0 = Release|Any CPU
		{A8A1D8FF-AF85-AC16-93F5-92382737FB02}.Debug|Any CPU.ActiveCfg = Debug|Any CPU
		{A8A1D8FF-AF85-AC16-93F5-92382737FB02}.Debug|Any CPU.Build.0 = Debug|Any CPU
		{A8A1D8FF-AF85-AC16-93F5-92382737FB02}.Release|Any CPU.ActiveCfg = Release|Any CPU
		{A8A1D8FF-AF85-AC16-93F5-92382737FB02}.Release|Any CPU.Build.0 = Release|Any CPU
		{E6CFF5A6-D170-3C6C-CA4A-EE21A0DD993A}.Debug|Any CPU.ActiveCfg = Debug|Any CPU
		{E6CFF5A6-D170-3C6C-CA4A-EE21A0DD993A}.Debug|Any CPU.Build.0 = Debug|Any CPU
		{E6CFF5A6-D170-3C6C-CA4A-EE21A0DD993A}.Release|Any CPU.ActiveCfg = Release|Any CPU
		{E6CFF5A6-D170-3C6C-CA4A-EE21A0DD993A}.Release|Any CPU.Build.0 = Release|Any CPU
		{74351DFF-52B5-7B5C-04EE-08996F65B9A4}.Debug|Any CPU.ActiveCfg = Debug|Any CPU
		{74351DFF-52B5-7B5C-04EE-08996F65B9A4}.Debug|Any CPU.Build.0 = Debug|Any CPU
		{74351DFF-52B5-7B5C-04EE-08996F65B9A4}.Release|Any CPU.ActiveCfg = Release|Any CPU
		{74351DFF-52B5-7B5C-04EE-08996F65B9A4}.Release|Any CPU.Build.0 = Release|Any CPU
		{DA82C10D-E8B6-C488-A07A-6B13C8CBC58A}.Debug|Any CPU.ActiveCfg = Debug|Any CPU
		{DA82C10D-E8B6-C488-A07A-6B13C8CBC58A}.Debug|Any CPU.Build.0 = Debug|Any CPU
		{DA82C10D-E8B6-C488-A07A-6B13C8CBC58A}.Release|Any CPU.ActiveCfg = Release|Any CPU
		{DA82C10D-E8B6-C488-A07A-6B13C8CBC58A}.Release|Any CPU.Build.0 = Release|Any CPU
		{9ACCE306-B880-15DF-0171-D7D88537E060}.Debug|Any CPU.ActiveCfg = Debug|Any CPU
		{9ACCE306-B880-15DF-0171-D7D88537E060}.Debug|Any CPU.Build.0 = Debug|Any CPU
		{9ACCE306-B880-15DF-0171-D7D88537E060}.Release|Any CPU.ActiveCfg = Release|Any CPU
		{9ACCE306-B880-15DF-0171-D7D88537E060}.Release|Any CPU.Build.0 = Release|Any CPU
		{0C1022D3-DB65-BD19-BA3F-E22BBEDA4FBB}.Debug|Any CPU.ActiveCfg = Debug|Any CPU
		{0C1022D3-DB65-BD19-BA3F-E22BBEDA4FBB}.Debug|Any CPU.Build.0 = Debug|Any CPU
		{0C1022D3-DB65-BD19-BA3F-E22BBEDA4FBB}.Release|Any CPU.ActiveCfg = Release|Any CPU
		{0C1022D3-DB65-BD19-BA3F-E22BBEDA4FBB}.Release|Any CPU.Build.0 = Release|Any CPU
		{5D13EDEC-03AF-6247-EB1A-D3FA557D4A68}.Debug|Any CPU.ActiveCfg = Debug|Any CPU
		{5D13EDEC-03AF-6247-EB1A-D3FA557D4A68}.Debug|Any CPU.Build.0 = Debug|Any CPU
		{5D13EDEC-03AF-6247-EB1A-D3FA557D4A68}.Release|Any CPU.ActiveCfg = Release|Any CPU
		{5D13EDEC-03AF-6247-EB1A-D3FA557D4A68}.Release|Any CPU.Build.0 = Release|Any CPU
		{B1B6D4E4-8585-5949-5F7A-B8C859515D53}.Debug|Any CPU.ActiveCfg = Debug|Any CPU
		{B1B6D4E4-8585-5949-5F7A-B8C859515D53}.Debug|Any CPU.Build.0 = Debug|Any CPU
		{B1B6D4E4-8585-5949-5F7A-B8C859515D53}.Release|Any CPU.ActiveCfg = Release|Any CPU
		{B1B6D4E4-8585-5949-5F7A-B8C859515D53}.Release|Any CPU.Build.0 = Release|Any CPU
		{39477918-E0F8-147B-7464-26DD889A8E3B}.Debug|Any CPU.ActiveCfg = Debug|Any CPU
		{39477918-E0F8-147B-7464-26DD889A8E3B}.Debug|Any CPU.Build.0 = Debug|Any CPU
		{39477918-E0F8-147B-7464-26DD889A8E3B}.Release|Any CPU.ActiveCfg = Release|Any CPU
		{39477918-E0F8-147B-7464-26DD889A8E3B}.Release|Any CPU.Build.0 = Release|Any CPU
		{D8D8BDF5-4583-22DB-7DA2-B33683B1D02B}.Debug|Any CPU.ActiveCfg = Debug|Any CPU
		{D8D8BDF5-4583-22DB-7DA2-B33683B1D02B}.Debug|Any CPU.Build.0 = Debug|Any CPU
		{D8D8BDF5-4583-22DB-7DA2-B33683B1D02B}.Release|Any CPU.ActiveCfg = Release|Any CPU
		{D8D8BDF5-4583-22DB-7DA2-B33683B1D02B}.Release|Any CPU.Build.0 = Release|Any CPU
		{179BD8BA-76CF-782A-854C-8C6FBEB54ADC}.Debug|Any CPU.ActiveCfg = Debug|Any CPU
		{179BD8BA-76CF-782A-854C-8C6FBEB54ADC}.Debug|Any CPU.Build.0 = Debug|Any CPU
		{179BD8BA-76CF-782A-854C-8C6FBEB54ADC}.Release|Any CPU.ActiveCfg = Release|Any CPU
		{179BD8BA-76CF-782A-854C-8C6FBEB54ADC}.Release|Any CPU.Build.0 = Release|Any CPU
		{8CC32FFB-3652-18AE-6E3A-61B942AC96F2}.Debug|Any CPU.ActiveCfg = Debug|Any CPU
		{8CC32FFB-3652-18AE-6E3A-61B942AC96F2}.Debug|Any CPU.Build.0 = Debug|Any CPU
		{8CC32FFB-3652-18AE-6E3A-61B942AC96F2}.Release|Any CPU.ActiveCfg = Release|Any CPU
		{8CC32FFB-3652-18AE-6E3A-61B942AC96F2}.Release|Any CPU.Build.0 = Release|Any CPU
		{D21A32CE-D0DF-BB37-C87E-C41F1A3755BD}.Debug|Any CPU.ActiveCfg = Debug|Any CPU
		{D21A32CE-D0DF-BB37-C87E-C41F1A3755BD}.Debug|Any CPU.Build.0 = Debug|Any CPU
		{D21A32CE-D0DF-BB37-C87E-C41F1A3755BD}.Release|Any CPU.ActiveCfg = Release|Any CPU
		{D21A32CE-D0DF-BB37-C87E-C41F1A3755BD}.Release|Any CPU.Build.0 = Release|Any CPU
		{23F942D9-E80E-F939-8CB0-F490349BD1D9}.Debug|Any CPU.ActiveCfg = Debug|Any CPU
		{23F942D9-E80E-F939-8CB0-F490349BD1D9}.Debug|Any CPU.Build.0 = Debug|Any CPU
		{23F942D9-E80E-F939-8CB0-F490349BD1D9}.Release|Any CPU.ActiveCfg = Release|Any CPU
		{23F942D9-E80E-F939-8CB0-F490349BD1D9}.Release|Any CPU.Build.0 = Release|Any CPU
		{C85926A3-E231-47B6-5486-41E397437DE8}.Debug|Any CPU.ActiveCfg = Debug|Any CPU
		{C85926A3-E231-47B6-5486-41E397437DE8}.Debug|Any CPU.Build.0 = Debug|Any CPU
		{C85926A3-E231-47B6-5486-41E397437DE8}.Release|Any CPU.ActiveCfg = Release|Any CPU
		{C85926A3-E231-47B6-5486-41E397437DE8}.Release|Any CPU.Build.0 = Release|Any CPU
		{D109C898-0C13-874B-10AF-2D6166B74800}.Debug|Any CPU.ActiveCfg = Debug|Any CPU
		{D109C898-0C13-874B-10AF-2D6166B74800}.Debug|Any CPU.Build.0 = Debug|Any CPU
		{D109C898-0C13-874B-10AF-2D6166B74800}.Release|Any CPU.ActiveCfg = Release|Any CPU
		{D109C898-0C13-874B-10AF-2D6166B74800}.Release|Any CPU.Build.0 = Release|Any CPU
		{82075122-EE84-8E76-2CCA-082FC13B6BB5}.Debug|Any CPU.ActiveCfg = Debug|Any CPU
		{82075122-EE84-8E76-2CCA-082FC13B6BB5}.Debug|Any CPU.Build.0 = Debug|Any CPU
		{82075122-EE84-8E76-2CCA-082FC13B6BB5}.Release|Any CPU.ActiveCfg = Release|Any CPU
		{82075122-EE84-8E76-2CCA-082FC13B6BB5}.Release|Any CPU.Build.0 = Release|Any CPU
		{D5082B57-1D1C-6A29-94A6-F4A317B1C78F}.Debug|Any CPU.ActiveCfg = Debug|Any CPU
		{D5082B57-1D1C-6A29-94A6-F4A317B1C78F}.Debug|Any CPU.Build.0 = Debug|Any CPU
		{D5082B57-1D1C-6A29-94A6-F4A317B1C78F}.Release|Any CPU.ActiveCfg = Release|Any CPU
		{D5082B57-1D1C-6A29-94A6-F4A317B1C78F}.Release|Any CPU.Build.0 = Release|Any CPU
		{E102700D-398F-166F-9BA6-B94D96B8C870}.Debug|Any CPU.ActiveCfg = Debug|Any CPU
		{E102700D-398F-166F-9BA6-B94D96B8C870}.Debug|Any CPU.Build.0 = Debug|Any CPU
		{E102700D-398F-166F-9BA6-B94D96B8C870}.Release|Any CPU.ActiveCfg = Release|Any CPU
		{E102700D-398F-166F-9BA6-B94D96B8C870}.Release|Any CPU.Build.0 = Release|Any CPU
		{F07B3761-87FD-4812-1085-C662C6580C88}.Debug|Any CPU.ActiveCfg = Debug|Any CPU
		{F07B3761-87FD-4812-1085-C662C6580C88}.Debug|Any CPU.Build.0 = Debug|Any CPU
		{F07B3761-87FD-4812-1085-C662C6580C88}.Release|Any CPU.ActiveCfg = Release|Any CPU
		{F07B3761-87FD-4812-1085-C662C6580C88}.Release|Any CPU.Build.0 = Release|Any CPU
		{5B725027-11F7-C9B4-F906-06EEB07F5535}.Debug|Any CPU.ActiveCfg = Debug|Any CPU
		{5B725027-11F7-C9B4-F906-06EEB07F5535}.Debug|Any CPU.Build.0 = Debug|Any CPU
		{5B725027-11F7-C9B4-F906-06EEB07F5535}.Release|Any CPU.ActiveCfg = Release|Any CPU
		{5B725027-11F7-C9B4-F906-06EEB07F5535}.Release|Any CPU.Build.0 = Release|Any CPU
	EndGlobalSection
	GlobalSection(SolutionProperties) = preSolution
		HideSolutionNode = FALSE
	EndGlobalSection
	GlobalSection(NestedProjects) = preSolution
		{F841FDEF-A950-500F-7EE1-6297F2DE2E99} = {827E0CD3-B72D-47B6-A68D-7590B98EB39B}
		{61ED5B95-607A-96D0-9B6B-F83EFBB3CD1D} = {827E0CD3-B72D-47B6-A68D-7590B98EB39B}
		{E35329E5-EAF9-83FB-C4D7-CE70FB57B568} = {827E0CD3-B72D-47B6-A68D-7590B98EB39B}
		{B03F2B2B-148C-F777-B6CA-4DDC030DC408} = {E35329E5-EAF9-83FB-C4D7-CE70FB57B568}
		{CE71F328-4D3E-CCB2-4BD0-F7DC3C80A5CE} = {E35329E5-EAF9-83FB-C4D7-CE70FB57B568}
		{EC7C30ED-827E-B41B-FBCC-640E5E65D9AB} = {827E0CD3-B72D-47B6-A68D-7590B98EB39B}
		{B5EBDBEF-11AC-3BF6-B54E-4FE23897D535} = {EC7C30ED-827E-B41B-FBCC-640E5E65D9AB}
		{90015747-AD48-98D9-E67D-4B2FCEDD4552} = {EC7C30ED-827E-B41B-FBCC-640E5E65D9AB}
		{C6594676-1D79-5EBF-CED2-3E477C052BC4} = {EC7C30ED-827E-B41B-FBCC-640E5E65D9AB}
		{AD0FF9A0-E07C-226C-ECB1-90CB3E0A4F56} = {827E0CD3-B72D-47B6-A68D-7590B98EB39B}
		{18B14D1E-E6A6-5E44-80A2-7C5EDDBBF4FE} = {AD0FF9A0-E07C-226C-ECB1-90CB3E0A4F56}
		{ECE85665-349F-F982-EF7B-A5918D3B393F} = {18B14D1E-E6A6-5E44-80A2-7C5EDDBBF4FE}
		{A8A1D8FF-AF85-AC16-93F5-92382737FB02} = {18B14D1E-E6A6-5E44-80A2-7C5EDDBBF4FE}
		{E6CFF5A6-D170-3C6C-CA4A-EE21A0DD993A} = {18B14D1E-E6A6-5E44-80A2-7C5EDDBBF4FE}
		{3FAAA680-B4AB-0994-3BBF-9396D166D497} = {827E0CD3-B72D-47B6-A68D-7590B98EB39B}
		{44206E31-1E33-27F7-6985-B54889181C29} = {3FAAA680-B4AB-0994-3BBF-9396D166D497}
		{74351DFF-52B5-7B5C-04EE-08996F65B9A4} = {44206E31-1E33-27F7-6985-B54889181C29}
		{DA82C10D-E8B6-C488-A07A-6B13C8CBC58A} = {44206E31-1E33-27F7-6985-B54889181C29}
		{9ACCE306-B880-15DF-0171-D7D88537E060} = {44206E31-1E33-27F7-6985-B54889181C29}
		{CF236ACE-FA7E-3F15-1E29-D3E89C553E6A} = {827E0CD3-B72D-47B6-A68D-7590B98EB39B}
		{1995A086-D2C2-E966-7147-7DEA60436BA6} = {CF236ACE-FA7E-3F15-1E29-D3E89C553E6A}
		{0C1022D3-DB65-BD19-BA3F-E22BBEDA4FBB} = {1995A086-D2C2-E966-7147-7DEA60436BA6}
		{5D13EDEC-03AF-6247-EB1A-D3FA557D4A68} = {1995A086-D2C2-E966-7147-7DEA60436BA6}
		{B1B6D4E4-8585-5949-5F7A-B8C859515D53} = {1995A086-D2C2-E966-7147-7DEA60436BA6}
		{819771E1-879C-CA2B-ACC7-24556A0A8213} = {827E0CD3-B72D-47B6-A68D-7590B98EB39B}
		{22AA2A46-13C4-B4A4-102D-5B0E3A5681AF} = {819771E1-879C-CA2B-ACC7-24556A0A8213}
		{39477918-E0F8-147B-7464-26DD889A8E3B} = {22AA2A46-13C4-B4A4-102D-5B0E3A5681AF}
		{D8D8BDF5-4583-22DB-7DA2-B33683B1D02B} = {22AA2A46-13C4-B4A4-102D-5B0E3A5681AF}
		{179BD8BA-76CF-782A-854C-8C6FBEB54ADC} = {22AA2A46-13C4-B4A4-102D-5B0E3A5681AF}
		{4EABF4EA-98FC-B11C-4621-116B9D0A84F6} = {827E0CD3-B72D-47B6-A68D-7590B98EB39B}
		{7F2DEED5-6AEC-0D95-13C3-DEEBDAA46CF9} = {4EABF4EA-98FC-B11C-4621-116B9D0A84F6}
		{8CC32FFB-3652-18AE-6E3A-61B942AC96F2} = {7F2DEED5-6AEC-0D95-13C3-DEEBDAA46CF9}
		{D21A32CE-D0DF-BB37-C87E-C41F1A3755BD} = {7F2DEED5-6AEC-0D95-13C3-DEEBDAA46CF9}
		{23F942D9-E80E-F939-8CB0-F490349BD1D9} = {7F2DEED5-6AEC-0D95-13C3-DEEBDAA46CF9}
		{86ADDDE8-0C7F-AD77-DA03-D6A950867A21} = {827E0CD3-B72D-47B6-A68D-7590B98EB39B}
		{D69B468F-4DB2-C33F-3556-0DC9295951E2} = {86ADDDE8-0C7F-AD77-DA03-D6A950867A21}
		{C85926A3-E231-47B6-5486-41E397437DE8} = {D69B468F-4DB2-C33F-3556-0DC9295951E2}
		{D109C898-0C13-874B-10AF-2D6166B74800} = {D69B468F-4DB2-C33F-3556-0DC9295951E2}
		{82075122-EE84-8E76-2CCA-082FC13B6BB5} = {D69B468F-4DB2-C33F-3556-0DC9295951E2}
		{E61333BF-C8A1-955A-2702-9EB29760DA37} = {827E0CD3-B72D-47B6-A68D-7590B98EB39B}
		{9050889A-C308-FE9E-52EB-617CFD63E6CB} = {E61333BF-C8A1-955A-2702-9EB29760DA37}
		{D5082B57-1D1C-6A29-94A6-F4A317B1C78F} = {9050889A-C308-FE9E-52EB-617CFD63E6CB}
		{E102700D-398F-166F-9BA6-B94D96B8C870} = {9050889A-C308-FE9E-52EB-617CFD63E6CB}
		{F07B3761-87FD-4812-1085-C662C6580C88} = {9050889A-C308-FE9E-52EB-617CFD63E6CB}
		{5B725027-11F7-C9B4-F906-06EEB07F5535} = {9050889A-C308-FE9E-52EB-617CFD63E6CB}
	EndGlobalSection
	GlobalSection(ExtensibilityGlobals) = postSolution
		SolutionGuid = {33597629-1096-43FD-8FE9-233FF9AAA171}
	EndGlobalSection
EndGlobal
