Microsoft Visual Studio Solution File, Format Version 12.00
# Visual Studio Version 17
VisualStudioVersion = 17.5.2.0
MinimumVisualStudioVersion = 10.0.40219.1
Project("{2150E333-8FDC-42A3-9474-1A3956D46DE8}") = "src", "src", "{827E0CD3-B72D-47B6-A68D-7590B98EB39B}"
EndProject
Project("{FAE04EC0-301F-11D3-BF4B-00C04F79EFBC}") = "fase-02-procedural", "src\fase-02-procedural\fase-02-procedural.csproj", "{F841FDEF-A950-500F-7EE1-6297F2DE2E99}"
EndProject
Project("{FAE04EC0-301F-11D3-BF4B-00C04F79EFBC}") = "fase-03-OO", "src\fase-03-OO\fase-03-OO.csproj", "{61ED5B95-607A-96D0-9B6B-F83EFBB3CD1D}"
EndProject
Project("{2150E333-8FDC-42A3-9474-1A3956D46DE8}") = "fase-04-OOComInterface", "fase-04-OOComInterface", "{E35329E5-EAF9-83FB-C4D7-CE70FB57B568}"
EndProject
Project("{FAE04EC0-301F-11D3-BF4B-00C04F79EFBC}") = "Domain.Entities", "src\fase-04-OOComInterface\Domain.Entities\Domain.Entities.csproj", "{B03F2B2B-148C-F777-B6CA-4DDC030DC408}"
EndProject
Project("{FAE04EC0-301F-11D3-BF4B-00C04F79EFBC}") = "Domain.Tests", "src\fase-04-OOComInterface\Domain.Tests\Domain.Tests.csproj", "{CE71F328-4D3E-CCB2-4BD0-F7DC3C80A5CE}"
EndProject
Project("{2150E333-8FDC-42A3-9474-1A3956D46DE8}") = "fase-05-RepositoryInMemory", "fase-05-RepositoryInMemory", "{14DE01E4-1794-33E1-8966-9AE149C7FAEE}"
EndProject
Project("{FAE04EC0-301F-11D3-BF4B-00C04F79EFBC}") = "Domain.App", "src\fase-05-RepositoryInMemory\Domain.App\Domain.App.csproj", "{58A0FD60-0212-A0BB-D05E-D991E945A997}"
EndProject
Project("{FAE04EC0-301F-11D3-BF4B-00C04F79EFBC}") = "Domain.Entities", "src\fase-05-RepositoryInMemory\Domain.Entities\Domain.Entities.csproj", "{D38B06BC-49E1-CB42-A16F-81871A293F9C}"
EndProject
Project("{FAE04EC0-301F-11D3-BF4B-00C04F79EFBC}") = "Domain.Tests", "src\fase-05-RepositoryInMemory\Domain.Tests\Domain.Tests.csproj", "{2F84B123-F20A-1323-B6B6-77FA5ED8BECF}"
EndProject
Global
	GlobalSection(SolutionConfigurationPlatforms) = preSolution
		Debug|Any CPU = Debug|Any CPU
		Release|Any CPU = Release|Any CPU
	EndGlobalSection
	GlobalSection(ProjectConfigurationPlatforms) = postSolution
		{F841FDEF-A950-500F-7EE1-6297F2DE2E99}.Debug|Any CPU.ActiveCfg = Debug|Any CPU
		{F841FDEF-A950-500F-7EE1-6297F2DE2E99}.Debug|Any CPU.Build.0 = Debug|Any CPU
		{F841FDEF-A950-500F-7EE1-6297F2DE2E99}.Release|Any CPU.ActiveCfg = Release|Any CPU
		{F841FDEF-A950-500F-7EE1-6297F2DE2E99}.Release|Any CPU.Build.0 = Release|Any CPU
		{61ED5B95-607A-96D0-9B6B-F83EFBB3CD1D}.Debug|Any CPU.ActiveCfg = Debug|Any CPU
		{61ED5B95-607A-96D0-9B6B-F83EFBB3CD1D}.Debug|Any CPU.Build.0 = Debug|Any CPU
		{61ED5B95-607A-96D0-9B6B-F83EFBB3CD1D}.Release|Any CPU.ActiveCfg = Release|Any CPU
		{61ED5B95-607A-96D0-9B6B-F83EFBB3CD1D}.Release|Any CPU.Build.0 = Release|Any CPU
		{B03F2B2B-148C-F777-B6CA-4DDC030DC408}.Debug|Any CPU.ActiveCfg = Debug|Any CPU
		{B03F2B2B-148C-F777-B6CA-4DDC030DC408}.Debug|Any CPU.Build.0 = Debug|Any CPU
		{B03F2B2B-148C-F777-B6CA-4DDC030DC408}.Release|Any CPU.ActiveCfg = Release|Any CPU
		{B03F2B2B-148C-F777-B6CA-4DDC030DC408}.Release|Any CPU.Build.0 = Release|Any CPU
		{CE71F328-4D3E-CCB2-4BD0-F7DC3C80A5CE}.Debug|Any CPU.ActiveCfg = Debug|Any CPU
		{CE71F328-4D3E-CCB2-4BD0-F7DC3C80A5CE}.Debug|Any CPU.Build.0 = Debug|Any CPU
		{CE71F328-4D3E-CCB2-4BD0-F7DC3C80A5CE}.Release|Any CPU.ActiveCfg = Release|Any CPU
		{CE71F328-4D3E-CCB2-4BD0-F7DC3C80A5CE}.Release|Any CPU.Build.0 = Release|Any CPU
		{58A0FD60-0212-A0BB-D05E-D991E945A997}.Debug|Any CPU.ActiveCfg = Debug|Any CPU
		{58A0FD60-0212-A0BB-D05E-D991E945A997}.Debug|Any CPU.Build.0 = Debug|Any CPU
		{58A0FD60-0212-A0BB-D05E-D991E945A997}.Release|Any CPU.ActiveCfg = Release|Any CPU
		{58A0FD60-0212-A0BB-D05E-D991E945A997}.Release|Any CPU.Build.0 = Release|Any CPU
		{D38B06BC-49E1-CB42-A16F-81871A293F9C}.Debug|Any CPU.ActiveCfg = Debug|Any CPU
		{D38B06BC-49E1-CB42-A16F-81871A293F9C}.Debug|Any CPU.Build.0 = Debug|Any CPU
		{D38B06BC-49E1-CB42-A16F-81871A293F9C}.Release|Any CPU.ActiveCfg = Release|Any CPU
		{D38B06BC-49E1-CB42-A16F-81871A293F9C}.Release|Any CPU.Build.0 = Release|Any CPU
		{2F84B123-F20A-1323-B6B6-77FA5ED8BECF}.Debug|Any CPU.ActiveCfg = Debug|Any CPU
		{2F84B123-F20A-1323-B6B6-77FA5ED8BECF}.Debug|Any CPU.Build.0 = Debug|Any CPU
		{2F84B123-F20A-1323-B6B6-77FA5ED8BECF}.Release|Any CPU.ActiveCfg = Release|Any CPU
		{2F84B123-F20A-1323-B6B6-77FA5ED8BECF}.Release|Any CPU.Build.0 = Release|Any CPU
	EndGlobalSection
	GlobalSection(SolutionProperties) = preSolution
		HideSolutionNode = FALSE
	EndGlobalSection
	GlobalSection(NestedProjects) = preSolution
		{F841FDEF-A950-500F-7EE1-6297F2DE2E99} = {827E0CD3-B72D-47B6-A68D-7590B98EB39B}
		{61ED5B95-607A-96D0-9B6B-F83EFBB3CD1D} = {827E0CD3-B72D-47B6-A68D-7590B98EB39B}
		{E35329E5-EAF9-83FB-C4D7-CE70FB57B568} = {827E0CD3-B72D-47B6-A68D-7590B98EB39B}
		{B03F2B2B-148C-F777-B6CA-4DDC030DC408} = {E35329E5-EAF9-83FB-C4D7-CE70FB57B568}
		{CE71F328-4D3E-CCB2-4BD0-F7DC3C80A5CE} = {E35329E5-EAF9-83FB-C4D7-CE70FB57B568}
		{14DE01E4-1794-33E1-8966-9AE149C7FAEE} = {827E0CD3-B72D-47B6-A68D-7590B98EB39B}
		{58A0FD60-0212-A0BB-D05E-D991E945A997} = {14DE01E4-1794-33E1-8966-9AE149C7FAEE}
		{D38B06BC-49E1-CB42-A16F-81871A293F9C} = {14DE01E4-1794-33E1-8966-9AE149C7FAEE}
		{2F84B123-F20A-1323-B6B6-77FA5ED8BECF} = {14DE01E4-1794-33E1-8966-9AE149C7FAEE}
	EndGlobalSection
	GlobalSection(ExtensibilityGlobals) = postSolution
		SolutionGuid = {0DC93361-7932-4F97-8AEE-91EED01329A3}
	EndGlobalSection
EndGlobal
